
Microsoft Visual Studio Solution File, Format Version 12.00
# Visual Studio Version 16
VisualStudioVersion = 16.0.32106.194
MinimumVisualStudioVersion = 10.0.40219.1
Project("{FAE04EC0-301F-11D3-BF4B-00C04F79EFBC}") = "AbstracaoRPG", "AbstracaoRPG\AbstracaoRPG.csproj", "{8746F258-C6FB-4B56-BC89-78447C066846}"
EndProject
Global
	GlobalSection(SolutionConfigurationPlatforms) = preSolution
		Debug|Any CPU = Debug|Any CPU
		Release|Any CPU = Release|Any CPU
	EndGlobalSection
	GlobalSection(ProjectConfigurationPlatforms) = postSolution
		{8746F258-C6FB-4B56-BC89-78447C066846}.Debug|Any CPU.ActiveCfg = Debug|Any CPU
		{8746F258-C6FB-4B56-BC89-78447C066846}.Debug|Any CPU.Build.0 = Debug|Any CPU
		{8746F258-C6FB-4B56-BC89-78447C066846}.Release|Any CPU.ActiveCfg = Release|Any CPU
		{8746F258-C6FB-4B56-BC89-78447C066846}.Release|Any CPU.Build.0 = Release|Any CPU
	EndGlobalSection
	GlobalSection(SolutionProperties) = preSolution
		HideSolutionNode = FALSE
	EndGlobalSection
	GlobalSection(ExtensibilityGlobals) = postSolution
		SolutionGuid = {29D150D2-19D4-4903-A1D8-EAA4922408B6}
	EndGlobalSection
EndGlobal
