
Microsoft Visual Studio Solution File, Format Version 12.00
# Visual Studio Version 16
VisualStudioVersion = 16.0.32106.194
MinimumVisualStudioVersion = 10.0.40219.1
Project("{FAE04EC0-301F-11D3-BF4B-00C04F79EFBC}") = "QuadradoeaoCubo", "QuadradoeaoCubo\QuadradoeaoCubo.csproj", "{EF251BA6-294D-4F7E-9EAD-0C8B80692F76}"
EndProject
Global
	GlobalSection(SolutionConfigurationPlatforms) = preSolution
		Debug|Any CPU = Debug|Any CPU
		Release|Any CPU = Release|Any CPU
	EndGlobalSection
	GlobalSection(ProjectConfigurationPlatforms) = postSolution
		{EF251BA6-294D-4F7E-9EAD-0C8B80692F76}.Debug|Any CPU.ActiveCfg = Debug|Any CPU
		{EF251BA6-294D-4F7E-9EAD-0C8B80692F76}.Debug|Any CPU.Build.0 = Debug|Any CPU
		{EF251BA6-294D-4F7E-9EAD-0C8B80692F76}.Release|Any CPU.ActiveCfg = Release|Any CPU
		{EF251BA6-294D-4F7E-9EAD-0C8B80692F76}.Release|Any CPU.Build.0 = Release|Any CPU
	EndGlobalSection
	GlobalSection(SolutionProperties) = preSolution
		HideSolutionNode = FALSE
	EndGlobalSection
	GlobalSection(ExtensibilityGlobals) = postSolution
		SolutionGuid = {F9628CD3-D6FE-49AC-904C-65563CE82BC8}
	EndGlobalSection
EndGlobal
