
Microsoft Visual Studio Solution File, Format Version 12.00
# Visual Studio Version 16
VisualStudioVersion = 16.0.31129.286
MinimumVisualStudioVersion = 10.0.40219.1
Project("{FAE04EC0-301F-11D3-BF4B-00C04F79EFBC}") = "02-Triangulo", "02-Triangulo\02-Triangulo.csproj", "{FD2B20FB-50DD-4A81-8CBB-43AF750BC2B4}"
EndProject
Global
	GlobalSection(SolutionConfigurationPlatforms) = preSolution
		Debug|Any CPU = Debug|Any CPU
		Release|Any CPU = Release|Any CPU
	EndGlobalSection
	GlobalSection(ProjectConfigurationPlatforms) = postSolution
		{FD2B20FB-50DD-4A81-8CBB-43AF750BC2B4}.Debug|Any CPU.ActiveCfg = Debug|Any CPU
		{FD2B20FB-50DD-4A81-8CBB-43AF750BC2B4}.Debug|Any CPU.Build.0 = Debug|Any CPU
		{FD2B20FB-50DD-4A81-8CBB-43AF750BC2B4}.Release|Any CPU.ActiveCfg = Release|Any CPU
		{FD2B20FB-50DD-4A81-8CBB-43AF750BC2B4}.Release|Any CPU.Build.0 = Release|Any CPU
	EndGlobalSection
	GlobalSection(SolutionProperties) = preSolution
		HideSolutionNode = FALSE
	EndGlobalSection
	GlobalSection(ExtensibilityGlobals) = postSolution
		SolutionGuid = {72322FFF-95B5-44A3-B9A5-021B53EB80C1}
	EndGlobalSection
EndGlobal
