
Microsoft Visual Studio Solution File, Format Version 12.00
# Visual Studio Version 16
VisualStudioVersion = 16.0.31702.278
MinimumVisualStudioVersion = 10.0.40219.1
Project("{FAE04EC0-301F-11D3-BF4B-00C04F79EFBC}") = "ComprasNoSupermercado", "ComprasNoSupermercado\ComprasNoSupermercado.csproj", "{EEA28006-3C63-487E-A522-D0FF5D9B1CEF}"
EndProject
Global
	GlobalSection(SolutionConfigurationPlatforms) = preSolution
		Debug|Any CPU = Debug|Any CPU
		Release|Any CPU = Release|Any CPU
	EndGlobalSection
	GlobalSection(ProjectConfigurationPlatforms) = postSolution
		{EEA28006-3C63-487E-A522-D0FF5D9B1CEF}.Debug|Any CPU.ActiveCfg = Debug|Any CPU
		{EEA28006-3C63-487E-A522-D0FF5D9B1CEF}.Debug|Any CPU.Build.0 = Debug|Any CPU
		{EEA28006-3C63-487E-A522-D0FF5D9B1CEF}.Release|Any CPU.ActiveCfg = Release|Any CPU
		{EEA28006-3C63-487E-A522-D0FF5D9B1CEF}.Release|Any CPU.Build.0 = Release|Any CPU
	EndGlobalSection
	GlobalSection(SolutionProperties) = preSolution
		HideSolutionNode = FALSE
	EndGlobalSection
	GlobalSection(ExtensibilityGlobals) = postSolution
		SolutionGuid = {513D142B-E156-469D-9F5F-129E21481378}
	EndGlobalSection
EndGlobal
