
Microsoft Visual Studio Solution File, Format Version 12.00
# Visual Studio Version 16
VisualStudioVersion = 16.0.32106.194
MinimumVisualStudioVersion = 10.0.40219.1
Project("{FAE04EC0-301F-11D3-BF4B-00C04F79EFBC}") = "SomaParesConsecutivos", "SomaParesConsecutivos\SomaParesConsecutivos.csproj", "{918F3B80-18D0-426E-B9D2-9B56D63C5FA6}"
EndProject
Global
	GlobalSection(SolutionConfigurationPlatforms) = preSolution
		Debug|Any CPU = Debug|Any CPU
		Release|Any CPU = Release|Any CPU
	EndGlobalSection
	GlobalSection(ProjectConfigurationPlatforms) = postSolution
		{918F3B80-18D0-426E-B9D2-9B56D63C5FA6}.Debug|Any CPU.ActiveCfg = Debug|Any CPU
		{918F3B80-18D0-426E-B9D2-9B56D63C5FA6}.Debug|Any CPU.Build.0 = Debug|Any CPU
		{918F3B80-18D0-426E-B9D2-9B56D63C5FA6}.Release|Any CPU.ActiveCfg = Release|Any CPU
		{918F3B80-18D0-426E-B9D2-9B56D63C5FA6}.Release|Any CPU.Build.0 = Release|Any CPU
	EndGlobalSection
	GlobalSection(SolutionProperties) = preSolution
		HideSolutionNode = FALSE
	EndGlobalSection
	GlobalSection(ExtensibilityGlobals) = postSolution
		SolutionGuid = {AD68DC29-7A84-4862-9DDC-EA7A2F252529}
	EndGlobalSection
EndGlobal
